
Microsoft Visual Studio Solution File, Format Version 12.00
# Visual Studio Version 16
VisualStudioVersion = 16.0.29806.167
MinimumVisualStudioVersion = 10.0.40219.1
Project("{2150E333-8FDC-42A3-9474-1A3956D46DE8}") = "src", "src", "{41BBF87F-1884-44DA-8187-98DA008F39C1}"
EndProject
Project("{9A19103F-16F7-4668-BE54-9A1E7A4F7556}") = "Ae.LineCalibrator.Audio", "src\Ae.LineCalibrator.Audio\Ae.LineCalibrator.Audio.csproj", "{309B460E-1785-45DB-80F6-DE27166E3FA2}"
EndProject
Project("{9A19103F-16F7-4668-BE54-9A1E7A4F7556}") = "Ae.LineCalibrator.Interface", "src\Ae.LineCalibrator.Interface\Ae.LineCalibrator.Interface.csproj", "{B61C934B-1527-484B-86CC-04F55D17E56F}"
EndProject
Global
	GlobalSection(SolutionConfigurationPlatforms) = preSolution
		Debug|Any CPU = Debug|Any CPU
		Release|Any CPU = Release|Any CPU
	EndGlobalSection
	GlobalSection(ProjectConfigurationPlatforms) = postSolution
		{309B460E-1785-45DB-80F6-DE27166E3FA2}.Debug|Any CPU.ActiveCfg = Debug|Any CPU
		{309B460E-1785-45DB-80F6-DE27166E3FA2}.Debug|Any CPU.Build.0 = Debug|Any CPU
		{309B460E-1785-45DB-80F6-DE27166E3FA2}.Release|Any CPU.ActiveCfg = Release|Any CPU
		{309B460E-1785-45DB-80F6-DE27166E3FA2}.Release|Any CPU.Build.0 = Release|Any CPU
		{B61C934B-1527-484B-86CC-04F55D17E56F}.Debug|Any CPU.ActiveCfg = Debug|Any CPU
		{B61C934B-1527-484B-86CC-04F55D17E56F}.Debug|Any CPU.Build.0 = Debug|Any CPU
		{B61C934B-1527-484B-86CC-04F55D17E56F}.Release|Any CPU.ActiveCfg = Release|Any CPU
		{B61C934B-1527-484B-86CC-04F55D17E56F}.Release|Any CPU.Build.0 = Release|Any CPU
	EndGlobalSection
	GlobalSection(SolutionProperties) = preSolution
		HideSolutionNode = FALSE
	EndGlobalSection
	GlobalSection(NestedProjects) = preSolution
		{309B460E-1785-45DB-80F6-DE27166E3FA2} = {41BBF87F-1884-44DA-8187-98DA008F39C1}
		{B61C934B-1527-484B-86CC-04F55D17E56F} = {41BBF87F-1884-44DA-8187-98DA008F39C1}
	EndGlobalSection
	GlobalSection(ExtensibilityGlobals) = postSolution
		SolutionGuid = {98E78371-6FA9-4A7A-AE3A-6605FB21BB74}
	EndGlobalSection
EndGlobal
